
Microsoft Visual Studio Solution File, Format Version 12.00
# Visual Studio 14
VisualStudioVersion = 14.0.25420.1
MinimumVisualStudioVersion = 10.0.40219.1
Project("{FAE04EC0-301F-11D3-BF4B-00C04F79EFBC}") = "StateExamMvcWithoutIdentity.WebUI", "StateExamMvcWithoutIdentity.WebUI\StateExamMvcWithoutIdentity.WebUI.csproj", "{7EF534B6-2ACA-4776-B40A-450A7D4E4A27}"
EndProject
Project("{FAE04EC0-301F-11D3-BF4B-00C04F79EFBC}") = "SteteExamMvcWithoutIdentity.Domain", "SteteExamMvcWithoutIdentity.Domain\SteteExamMvcWithoutIdentity.Domain.csproj", "{F15FC310-B207-4D32-8C65-11E246F01991}"
EndProject
Project("{FAE04EC0-301F-11D3-BF4B-00C04F79EFBC}") = "StateExamMvcWithoutIdentity.UnitTests", "StateExamMvcWithoutIdentity.UnitTests\StateExamMvcWithoutIdentity.UnitTests.csproj", "{2F2B8883-1859-4BDF-9E63-F44EC35B0BAD}"
EndProject
Project("{FAE04EC0-301F-11D3-BF4B-00C04F79EFBC}") = "StateExamMvcWithoutIdentity.Repositories", "StateExamMvcWithoutIdentity.Repositories\StateExamMvcWithoutIdentity.Repositories.csproj", "{93D38650-71E4-405C-8859-79ACA5D0ABDF}"
EndProject
Global
	GlobalSection(SolutionConfigurationPlatforms) = preSolution
		Debug|Any CPU = Debug|Any CPU
		Release|Any CPU = Release|Any CPU
	EndGlobalSection
	GlobalSection(ProjectConfigurationPlatforms) = postSolution
		{7EF534B6-2ACA-4776-B40A-450A7D4E4A27}.Debug|Any CPU.ActiveCfg = Debug|Any CPU
		{7EF534B6-2ACA-4776-B40A-450A7D4E4A27}.Debug|Any CPU.Build.0 = Debug|Any CPU
		{7EF534B6-2ACA-4776-B40A-450A7D4E4A27}.Release|Any CPU.ActiveCfg = Release|Any CPU
		{7EF534B6-2ACA-4776-B40A-450A7D4E4A27}.Release|Any CPU.Build.0 = Release|Any CPU
		{F15FC310-B207-4D32-8C65-11E246F01991}.Debug|Any CPU.ActiveCfg = Debug|Any CPU
		{F15FC310-B207-4D32-8C65-11E246F01991}.Debug|Any CPU.Build.0 = Debug|Any CPU
		{F15FC310-B207-4D32-8C65-11E246F01991}.Release|Any CPU.ActiveCfg = Release|Any CPU
		{F15FC310-B207-4D32-8C65-11E246F01991}.Release|Any CPU.Build.0 = Release|Any CPU
		{2F2B8883-1859-4BDF-9E63-F44EC35B0BAD}.Debug|Any CPU.ActiveCfg = Debug|Any CPU
		{2F2B8883-1859-4BDF-9E63-F44EC35B0BAD}.Debug|Any CPU.Build.0 = Debug|Any CPU
		{2F2B8883-1859-4BDF-9E63-F44EC35B0BAD}.Release|Any CPU.ActiveCfg = Release|Any CPU
		{2F2B8883-1859-4BDF-9E63-F44EC35B0BAD}.Release|Any CPU.Build.0 = Release|Any CPU
		{93D38650-71E4-405C-8859-79ACA5D0ABDF}.Debug|Any CPU.ActiveCfg = Debug|Any CPU
		{93D38650-71E4-405C-8859-79ACA5D0ABDF}.Debug|Any CPU.Build.0 = Debug|Any CPU
		{93D38650-71E4-405C-8859-79ACA5D0ABDF}.Release|Any CPU.ActiveCfg = Release|Any CPU
		{93D38650-71E4-405C-8859-79ACA5D0ABDF}.Release|Any CPU.Build.0 = Release|Any CPU
	EndGlobalSection
	GlobalSection(SolutionProperties) = preSolution
		HideSolutionNode = FALSE
	EndGlobalSection
EndGlobal
